
Microsoft Visual Studio Solution File, Format Version 12.00
# Visual Studio Version 17
VisualStudioVersion = 17.8.34511.84
MinimumVisualStudioVersion = 10.0.40219.1
Project("{FAE04EC0-301F-11D3-BF4B-00C04F79EFBC}") = "IpSelector", "EffectiveMobileTask\IpSelector.csproj", "{9B00CE13-F51F-4431-B0D5-EC9CA93A9FC7}"
EndProject
Global
	GlobalSection(SolutionConfigurationPlatforms) = preSolution
		Debug|Any CPU = Debug|Any CPU
		Release|Any CPU = Release|Any CPU
	EndGlobalSection
	GlobalSection(ProjectConfigurationPlatforms) = postSolution
		{9B00CE13-F51F-4431-B0D5-EC9CA93A9FC7}.Debug|Any CPU.ActiveCfg = Debug|Any CPU
		{9B00CE13-F51F-4431-B0D5-EC9CA93A9FC7}.Debug|Any CPU.Build.0 = Debug|Any CPU
		{9B00CE13-F51F-4431-B0D5-EC9CA93A9FC7}.Release|Any CPU.ActiveCfg = Release|Any CPU
		{9B00CE13-F51F-4431-B0D5-EC9CA93A9FC7}.Release|Any CPU.Build.0 = Release|Any CPU
	EndGlobalSection
	GlobalSection(SolutionProperties) = preSolution
		HideSolutionNode = FALSE
	EndGlobalSection
	GlobalSection(ExtensibilityGlobals) = postSolution
		SolutionGuid = {C90EAC9C-F66F-4F16-89A8-5D94944BBE51}
	EndGlobalSection
EndGlobal
